
Microsoft Visual Studio Solution File, Format Version 12.00
# Visual Studio Version 17
VisualStudioVersion = 17.10.35027.167
MinimumVisualStudioVersion = 10.0.40219.1
Project("{9A19103F-16F7-4668-BE54-9A1E7A4F7556}") = "ASP.NET 8 MVC with Typescript", "ASP.NET Core 3.1 MVC with Typescript\ASP.NET 8 MVC with Typescript.csproj", "{43EFC886-362E-4F82-BF4D-1102B8D3C78B}"
EndProject
Global
	GlobalSection(SolutionConfigurationPlatforms) = preSolution
		Debug|Any CPU = Debug|Any CPU
		Release|Any CPU = Release|Any CPU
	EndGlobalSection
	GlobalSection(ProjectConfigurationPlatforms) = postSolution
		{43EFC886-362E-4F82-BF4D-1102B8D3C78B}.Debug|Any CPU.ActiveCfg = Debug|Any CPU
		{43EFC886-362E-4F82-BF4D-1102B8D3C78B}.Debug|Any CPU.Build.0 = Debug|Any CPU
		{43EFC886-362E-4F82-BF4D-1102B8D3C78B}.Release|Any CPU.ActiveCfg = Release|Any CPU
		{43EFC886-362E-4F82-BF4D-1102B8D3C78B}.Release|Any CPU.Build.0 = Release|Any CPU
	EndGlobalSection
	GlobalSection(SolutionProperties) = preSolution
		HideSolutionNode = FALSE
	EndGlobalSection
	GlobalSection(ExtensibilityGlobals) = postSolution
		SolutionGuid = {C787620C-A73C-4E9B-B9C0-4527481A477F}
	EndGlobalSection
EndGlobal
